// !$*UTF8*$!
{
	archiveVersion = 1;
	classes = {
	};
	objectVersion = 46;
	objects = {

/* Begin PBXBuildFile section */
		6FFC06AD1EE3D49000E542BC /* AppDelegate.swift in Sources */ = {isa = PBXBuildFile; fileRef = 6FFC06AC1EE3D49000E542BC /* AppDelegate.swift */; };
		6FFC06AF1EE3D49000E542BC /* ViewController.swift in Sources */ = {isa = PBXBuildFile; fileRef = 6FFC06AE1EE3D49000E542BC /* ViewController.swift */; };
		6FFC06B21EE3D49000E542BC /* Main.storyboard in Resources */ = {isa = PBXBuildFile; fileRef = 6FFC06B01EE3D49000E542BC /* Main.storyboard */; };
		6FFC06B41EE3D49000E542BC /* Assets.xcassets in Resources */ = {isa = PBXBuildFile; fileRef = 6FFC06B31EE3D49000E542BC /* Assets.xcassets */; };
		6FFC06B71EE3D49000E542BC /* LaunchScreen.storyboard in Resources */ = {isa = PBXBuildFile; fileRef = 6FFC06B51EE3D49000E542BC /* LaunchScreen.storyboard */; };
		6FFC06C21EE3D49000E542BC /* AlalaTests.swift in Sources */ = {isa = PBXBuildFile; fileRef = 6FFC06C11EE3D49000E542BC /* AlalaTests.swift */; };
		6FFC06CD1EE3D49000E542BC /* AlalaUITests.swift in Sources */ = {isa = PBXBuildFile; fileRef = 6FFC06CC1EE3D49000E542BC /* AlalaUITests.swift */; };
		6FFC06DC1EE3D78A00E542BC /* Alamofire.framework in Frameworks */ = {isa = PBXBuildFile; fileRef = 6FFC06DB1EE3D78A00E542BC /* Alamofire.framework */; };
/* End PBXBuildFile section */

/* Begin PBXContainerItemProxy section */
		6FFC06BE1EE3D49000E542BC /* PBXContainerItemProxy */ = {
			isa = PBXContainerItemProxy;
			containerPortal = 6FFC06A11EE3D49000E542BC /* Project object */;
			proxyType = 1;
			remoteGlobalIDString = 6FFC06A81EE3D49000E542BC;
			remoteInfo = Alala;
		};
		6FFC06C91EE3D49000E542BC /* PBXContainerItemProxy */ = {
			isa = PBXContainerItemProxy;
			containerPortal = 6FFC06A11EE3D49000E542BC /* Project object */;
			proxyType = 1;
			remoteGlobalIDString = 6FFC06A81EE3D49000E542BC;
			remoteInfo = Alala;
		};
/* End PBXContainerItemProxy section */

/* Begin PBXFileReference section */
		6FFC06A91EE3D49000E542BC /* Alala.app */ = {isa = PBXFileReference; explicitFileType = wrapper.application; includeInIndex = 0; path = Alala.app; sourceTree = BUILT_PRODUCTS_DIR; };
		6FFC06AC1EE3D49000E542BC /* AppDelegate.swift */ = {isa = PBXFileReference; lastKnownFileType = sourcecode.swift; path = AppDelegate.swift; sourceTree = "<group>"; };
		6FFC06AE1EE3D49000E542BC /* ViewController.swift */ = {isa = PBXFileReference; lastKnownFileType = sourcecode.swift; path = ViewController.swift; sourceTree = "<group>"; };
		6FFC06B11EE3D49000E542BC /* Base */ = {isa = PBXFileReference; lastKnownFileType = file.storyboard; name = Base; path = Base.lproj/Main.storyboard; sourceTree = "<group>"; };
		6FFC06B31EE3D49000E542BC /* Assets.xcassets */ = {isa = PBXFileReference; lastKnownFileType = folder.assetcatalog; path = Assets.xcassets; sourceTree = "<group>"; };
		6FFC06B61EE3D49000E542BC /* Base */ = {isa = PBXFileReference; lastKnownFileType = file.storyboard; name = Base; path = Base.lproj/LaunchScreen.storyboard; sourceTree = "<group>"; };
		6FFC06B81EE3D49000E542BC /* Info.plist */ = {isa = PBXFileReference; lastKnownFileType = text.plist.xml; path = Info.plist; sourceTree = "<group>"; };
		6FFC06BD1EE3D49000E542BC /* AlalaTests.xctest */ = {isa = PBXFileReference; explicitFileType = wrapper.cfbundle; includeInIndex = 0; path = AlalaTests.xctest; sourceTree = BUILT_PRODUCTS_DIR; };
		6FFC06C11EE3D49000E542BC /* AlalaTests.swift */ = {isa = PBXFileReference; lastKnownFileType = sourcecode.swift; path = AlalaTests.swift; sourceTree = "<group>"; };
		6FFC06C31EE3D49000E542BC /* Info.plist */ = {isa = PBXFileReference; lastKnownFileType = text.plist.xml; path = Info.plist; sourceTree = "<group>"; };
		6FFC06C81EE3D49000E542BC /* AlalaUITests.xctest */ = {isa = PBXFileReference; explicitFileType = wrapper.cfbundle; includeInIndex = 0; path = AlalaUITests.xctest; sourceTree = BUILT_PRODUCTS_DIR; };
		6FFC06CC1EE3D49000E542BC /* AlalaUITests.swift */ = {isa = PBXFileReference; lastKnownFileType = sourcecode.swift; path = AlalaUITests.swift; sourceTree = "<group>"; };
		6FFC06CE1EE3D49000E542BC /* Info.plist */ = {isa = PBXFileReference; lastKnownFileType = text.plist.xml; path = Info.plist; sourceTree = "<group>"; };
		6FFC06DB1EE3D78A00E542BC /* Alamofire.framework */ = {isa = PBXFileReference; lastKnownFileType = wrapper.framework; name = Alamofire.framework; path = Carthage/Build/iOS/Alamofire.framework; sourceTree = "<group>"; };
/* End PBXFileReference section */

/* Begin PBXFrameworksBuildPhase section */
		6FFC06A61EE3D49000E542BC /* Frameworks */ = {
			isa = PBXFrameworksBuildPhase;
			buildActionMask = 2147483647;
			files = (
				6FFC06DC1EE3D78A00E542BC /* Alamofire.framework in Frameworks */,
			);
			runOnlyForDeploymentPostprocessing = 0;
		};
		6FFC06BA1EE3D49000E542BC /* Frameworks */ = {
			isa = PBXFrameworksBuildPhase;
			buildActionMask = 2147483647;
			files = (
			);
			runOnlyForDeploymentPostprocessing = 0;
		};
		6FFC06C51EE3D49000E542BC /* Frameworks */ = {
			isa = PBXFrameworksBuildPhase;
			buildActionMask = 2147483647;
			files = (
			);
			runOnlyForDeploymentPostprocessing = 0;
		};
/* End PBXFrameworksBuildPhase section */

/* Begin PBXGroup section */
		6FFC06A01EE3D49000E542BC = {
			isa = PBXGroup;
			children = (
				6FFC06AB1EE3D49000E542BC /* Alala */,
				6FFC06C01EE3D49000E542BC /* AlalaTests */,
				6FFC06CB1EE3D49000E542BC /* AlalaUITests */,
				6FFC06AA1EE3D49000E542BC /* Products */,
				6FFC06DA1EE3D78A00E542BC /* Frameworks */,
			);
			sourceTree = "<group>";
		};
		6FFC06AA1EE3D49000E542BC /* Products */ = {
			isa = PBXGroup;
			children = (
				6FFC06A91EE3D49000E542BC /* Alala.app */,
				6FFC06BD1EE3D49000E542BC /* AlalaTests.xctest */,
				6FFC06C81EE3D49000E542BC /* AlalaUITests.xctest */,
			);
			name = Products;
			sourceTree = "<group>";
		};
		6FFC06AB1EE3D49000E542BC /* Alala */ = {
			isa = PBXGroup;
			children = (
				6FFC06AC1EE3D49000E542BC /* AppDelegate.swift */,
				6FFC06AE1EE3D49000E542BC /* ViewController.swift */,
				6FFC06B01EE3D49000E542BC /* Main.storyboard */,
				6FFC06B31EE3D49000E542BC /* Assets.xcassets */,
				6FFC06B51EE3D49000E542BC /* LaunchScreen.storyboard */,
				6FFC06B81EE3D49000E542BC /* Info.plist */,
			);
			path = Alala;
			sourceTree = "<group>";
		};
		6FFC06C01EE3D49000E542BC /* AlalaTests */ = {
			isa = PBXGroup;
			children = (
				6FFC06C11EE3D49000E542BC /* AlalaTests.swift */,
				6FFC06C31EE3D49000E542BC /* Info.plist */,
			);
			path = AlalaTests;
			sourceTree = "<group>";
		};
		6FFC06CB1EE3D49000E542BC /* AlalaUITests */ = {
			isa = PBXGroup;
			children = (
				6FFC06CC1EE3D49000E542BC /* AlalaUITests.swift */,
				6FFC06CE1EE3D49000E542BC /* Info.plist */,
			);
			path = AlalaUITests;
			sourceTree = "<group>";
		};
		6FFC06DA1EE3D78A00E542BC /* Frameworks */ = {
			isa = PBXGroup;
			children = (
				6FFC06DB1EE3D78A00E542BC /* Alamofire.framework */,
			);
			name = Frameworks;
			sourceTree = "<group>";
		};
/* End PBXGroup section */

/* Begin PBXNativeTarget section */
		6FFC06A81EE3D49000E542BC /* Alala */ = {
			isa = PBXNativeTarget;
			buildConfigurationList = 6FFC06D11EE3D49000E542BC /* Build configuration list for PBXNativeTarget "Alala" */;
			buildPhases = (
				6FFC06A51EE3D49000E542BC /* Sources */,
				6FFC06A61EE3D49000E542BC /* Frameworks */,
				6FFC06A71EE3D49000E542BC /* Resources */,
				6FFC06DD1EE3D7AC00E542BC /* ShellScript */,
			);
			buildRules = (
			);
			dependencies = (
			);
			name = Alala;
			productName = Alala;
			productReference = 6FFC06A91EE3D49000E542BC /* Alala.app */;
			productType = "com.apple.product-type.application";
		};
		6FFC06BC1EE3D49000E542BC /* AlalaTests */ = {
			isa = PBXNativeTarget;
			buildConfigurationList = 6FFC06D41EE3D49000E542BC /* Build configuration list for PBXNativeTarget "AlalaTests" */;
			buildPhases = (
				6FFC06B91EE3D49000E542BC /* Sources */,
				6FFC06BA1EE3D49000E542BC /* Frameworks */,
				6FFC06BB1EE3D49000E542BC /* Resources */,
			);
			buildRules = (
			);
			dependencies = (
				6FFC06BF1EE3D49000E542BC /* PBXTargetDependency */,
			);
			name = AlalaTests;
			productName = AlalaTests;
			productReference = 6FFC06BD1EE3D49000E542BC /* AlalaTests.xctest */;
			productType = "com.apple.product-type.bundle.unit-test";
		};
		6FFC06C71EE3D49000E542BC /* AlalaUITests */ = {
			isa = PBXNativeTarget;
			buildConfigurationList = 6FFC06D71EE3D49000E542BC /* Build configuration list for PBXNativeTarget "AlalaUITests" */;
			buildPhases = (
				6FFC06C41EE3D49000E542BC /* Sources */,
				6FFC06C51EE3D49000E542BC /* Frameworks */,
				6FFC06C61EE3D49000E542BC /* Resources */,
			);
			buildRules = (
			);
			dependencies = (
				6FFC06CA1EE3D49000E542BC /* PBXTargetDependency */,
			);
			name = AlalaUITests;
			productName = AlalaUITests;
			productReference = 6FFC06C81EE3D49000E542BC /* AlalaUITests.xctest */;
			productType = "com.apple.product-type.bundle.ui-testing";
		};
/* End PBXNativeTarget section */

/* Begin PBXProject section */
		6FFC06A11EE3D49000E542BC /* Project object */ = {
			isa = PBXProject;
			attributes = {
				LastSwiftUpdateCheck = 0830;
				LastUpgradeCheck = 0830;
				ORGANIZATIONNAME = "team-meteor";
				TargetAttributes = {
					6FFC06A81EE3D49000E542BC = {
						CreatedOnToolsVersion = 8.3.2;
						ProvisioningStyle = Automatic;
					};
					6FFC06BC1EE3D49000E542BC = {
						CreatedOnToolsVersion = 8.3.2;
						ProvisioningStyle = Automatic;
						TestTargetID = 6FFC06A81EE3D49000E542BC;
					};
					6FFC06C71EE3D49000E542BC = {
						CreatedOnToolsVersion = 8.3.2;
						ProvisioningStyle = Automatic;
						TestTargetID = 6FFC06A81EE3D49000E542BC;
					};
				};
			};
			buildConfigurationList = 6FFC06A41EE3D49000E542BC /* Build configuration list for PBXProject "Alala" */;
			compatibilityVersion = "Xcode 3.2";
			developmentRegion = English;
			hasScannedForEncodings = 0;
			knownRegions = (
				en,
				Base,
			);
			mainGroup = 6FFC06A01EE3D49000E542BC;
			productRefGroup = 6FFC06AA1EE3D49000E542BC /* Products */;
			projectDirPath = "";
			projectRoot = "";
			targets = (
				6FFC06A81EE3D49000E542BC /* Alala */,
				6FFC06BC1EE3D49000E542BC /* AlalaTests */,
				6FFC06C71EE3D49000E542BC /* AlalaUITests */,
			);
		};
/* End PBXProject section */

/* Begin PBXResourcesBuildPhase section */
		6FFC06A71EE3D49000E542BC /* Resources */ = {
			isa = PBXResourcesBuildPhase;
			buildActionMask = 2147483647;
			files = (
				6FFC06B71EE3D49000E542BC /* LaunchScreen.storyboard in Resources */,
				6FFC06B41EE3D49000E542BC /* Assets.xcassets in Resources */,
				6FFC06B21EE3D49000E542BC /* Main.storyboard in Resources */,
			);
			runOnlyForDeploymentPostprocessing = 0;
		};
		6FFC06BB1EE3D49000E542BC /* Resources */ = {
			isa = PBXResourcesBuildPhase;
			buildActionMask = 2147483647;
			files = (
			);
			runOnlyForDeploymentPostprocessing = 0;
		};
		6FFC06C61EE3D49000E542BC /* Resources */ = {
			isa = PBXResourcesBuildPhase;
			buildActionMask = 2147483647;
			files = (
			);
			runOnlyForDeploymentPostprocessing = 0;
		};
/* End PBXResourcesBuildPhase section */

/* Begin PBXShellScriptBuildPhase section */
		6FFC06DD1EE3D7AC00E542BC /* ShellScript */ = {
			isa = PBXShellScriptBuildPhase;
			buildActionMask = 2147483647;
			files = (
			);
			inputPaths = (
				"$(SRCROOT)/Carthage/Build/iOS/Alamofire.framework",
			);
			outputPaths = (
			);
			runOnlyForDeploymentPostprocessing = 0;
			shellPath = /bin/sh;
			shellScript = "/usr/local/bin/carthage copy-frameworks";
		};
/* End PBXShellScriptBuildPhase section */

/* Begin PBXSourcesBuildPhase section */
		6FFC06A51EE3D49000E542BC /* Sources */ = {
			isa = PBXSourcesBuildPhase;
			buildActionMask = 2147483647;
			files = (
				6FFC06AF1EE3D49000E542BC /* ViewController.swift in Sources */,
				6FFC06AD1EE3D49000E542BC /* AppDelegate.swift in Sources */,
			);
			runOnlyForDeploymentPostprocessing = 0;
		};
		6FFC06B91EE3D49000E542BC /* Sources */ = {
			isa = PBXSourcesBuildPhase;
			buildActionMask = 2147483647;
			files = (
				6FFC06C21EE3D49000E542BC /* AlalaTests.swift in Sources */,
			);
			runOnlyForDeploymentPostprocessing = 0;
		};
		6FFC06C41EE3D49000E542BC /* Sources */ = {
			isa = PBXSourcesBuildPhase;
			buildActionMask = 2147483647;
			files = (
				6FFC06CD1EE3D49000E542BC /* AlalaUITests.swift in Sources */,
			);
			runOnlyForDeploymentPostprocessing = 0;
		};
/* End PBXSourcesBuildPhase section */

/* Begin PBXTargetDependency section */
		6FFC06BF1EE3D49000E542BC /* PBXTargetDependency */ = {
			isa = PBXTargetDependency;
			target = 6FFC06A81EE3D49000E542BC /* Alala */;
			targetProxy = 6FFC06BE1EE3D49000E542BC /* PBXContainerItemProxy */;
		};
		6FFC06CA1EE3D49000E542BC /* PBXTargetDependency */ = {
			isa = PBXTargetDependency;
			target = 6FFC06A81EE3D49000E542BC /* Alala */;
			targetProxy = 6FFC06C91EE3D49000E542BC /* PBXContainerItemProxy */;
		};
/* End PBXTargetDependency section */

/* Begin PBXVariantGroup section */
		6FFC06B01EE3D49000E542BC /* Main.storyboard */ = {
			isa = PBXVariantGroup;
			children = (
				6FFC06B11EE3D49000E542BC /* Base */,
			);
			name = Main.storyboard;
			sourceTree = "<group>";
		};
		6FFC06B51EE3D49000E542BC /* LaunchScreen.storyboard */ = {
			isa = PBXVariantGroup;
			children = (
				6FFC06B61EE3D49000E542BC /* Base */,
			);
			name = LaunchScreen.storyboard;
			sourceTree = "<group>";
		};
/* End PBXVariantGroup section */

/* Begin XCBuildConfiguration section */
		6FFC06CF1EE3D49000E542BC /* Debug */ = {
			isa = XCBuildConfiguration;
			buildSettings = {
				ALWAYS_SEARCH_USER_PATHS = NO;
				CLANG_ANALYZER_NONNULL = YES;
				CLANG_ANALYZER_NUMBER_OBJECT_CONVERSION = YES_AGGRESSIVE;
				CLANG_CXX_LANGUAGE_STANDARD = "gnu++0x";
				CLANG_CXX_LIBRARY = "libc++";
				CLANG_ENABLE_MODULES = YES;
				CLANG_ENABLE_OBJC_ARC = YES;
				CLANG_WARN_BOOL_CONVERSION = YES;
				CLANG_WARN_CONSTANT_CONVERSION = YES;
				CLANG_WARN_DIRECT_OBJC_ISA_USAGE = YES_ERROR;
				CLANG_WARN_DOCUMENTATION_COMMENTS = YES;
				CLANG_WARN_EMPTY_BODY = YES;
				CLANG_WARN_ENUM_CONVERSION = YES;
				CLANG_WARN_INFINITE_RECURSION = YES;
				CLANG_WARN_INT_CONVERSION = YES;
				CLANG_WARN_OBJC_ROOT_CLASS = YES_ERROR;
				CLANG_WARN_SUSPICIOUS_MOVE = YES;
				CLANG_WARN_UNREACHABLE_CODE = YES;
				CLANG_WARN__DUPLICATE_METHOD_MATCH = YES;
				"CODE_SIGN_IDENTITY[sdk=iphoneos*]" = "iPhone Developer";
				COPY_PHASE_STRIP = NO;
				DEBUG_INFORMATION_FORMAT = dwarf;
				ENABLE_STRICT_OBJC_MSGSEND = YES;
				ENABLE_TESTABILITY = YES;
				GCC_C_LANGUAGE_STANDARD = gnu99;
				GCC_DYNAMIC_NO_PIC = NO;
				GCC_NO_COMMON_BLOCKS = YES;
				GCC_OPTIMIZATION_LEVEL = 0;
				GCC_PREPROCESSOR_DEFINITIONS = (
					"DEBUG=1",
					"$(inherited)",
				);
				GCC_WARN_64_TO_32_BIT_CONVERSION = YES;
				GCC_WARN_ABOUT_RETURN_TYPE = YES_ERROR;
				GCC_WARN_UNDECLARED_SELECTOR = YES;
				GCC_WARN_UNINITIALIZED_AUTOS = YES_AGGRESSIVE;
				GCC_WARN_UNUSED_FUNCTION = YES;
				GCC_WARN_UNUSED_VARIABLE = YES;
				IPHONEOS_DEPLOYMENT_TARGET = 10.3;
				MTL_ENABLE_DEBUG_INFO = YES;
				ONLY_ACTIVE_ARCH = YES;
				SDKROOT = iphoneos;
				SWIFT_ACTIVE_COMPILATION_CONDITIONS = DEBUG;
				SWIFT_OPTIMIZATION_LEVEL = "-Onone";
			};
			name = Debug;
		};
		6FFC06D01EE3D49000E542BC /* Release */ = {
			isa = XCBuildConfiguration;
			buildSettings = {
				ALWAYS_SEARCH_USER_PATHS = NO;
				CLANG_ANALYZER_NONNULL = YES;
				CLANG_ANALYZER_NUMBER_OBJECT_CONVERSION = YES_AGGRESSIVE;
				CLANG_CXX_LANGUAGE_STANDARD = "gnu++0x";
				CLANG_CXX_LIBRARY = "libc++";
				CLANG_ENABLE_MODULES = YES;
				CLANG_ENABLE_OBJC_ARC = YES;
				CLANG_WARN_BOOL_CONVERSION = YES;
				CLANG_WARN_CONSTANT_CONVERSION = YES;
				CLANG_WARN_DIRECT_OBJC_ISA_USAGE = YES_ERROR;
				CLANG_WARN_DOCUMENTATION_COMMENTS = YES;
				CLANG_WARN_EMPTY_BODY = YES;
				CLANG_WARN_ENUM_CONVERSION = YES;
				CLANG_WARN_INFINITE_RECURSION = YES;
				CLANG_WARN_INT_CONVERSION = YES;
				CLANG_WARN_OBJC_ROOT_CLASS = YES_ERROR;
				CLANG_WARN_SUSPICIOUS_MOVE = YES;
				CLANG_WARN_UNREACHABLE_CODE = YES;
				CLANG_WARN__DUPLICATE_METHOD_MATCH = YES;
				"CODE_SIGN_IDENTITY[sdk=iphoneos*]" = "iPhone Developer";
				COPY_PHASE_STRIP = NO;
				DEBUG_INFORMATION_FORMAT = "dwarf-with-dsym";
				ENABLE_NS_ASSERTIONS = NO;
				ENABLE_STRICT_OBJC_MSGSEND = YES;
				GCC_C_LANGUAGE_STANDARD = gnu99;
				GCC_NO_COMMON_BLOCKS = YES;
				GCC_WARN_64_TO_32_BIT_CONVERSION = YES;
				GCC_WARN_ABOUT_RETURN_TYPE = YES_ERROR;
				GCC_WARN_UNDECLARED_SELECTOR = YES;
				GCC_WARN_UNINITIALIZED_AUTOS = YES_AGGRESSIVE;
				GCC_WARN_UNUSED_FUNCTION = YES;
				GCC_WARN_UNUSED_VARIABLE = YES;
				IPHONEOS_DEPLOYMENT_TARGET = 10.3;
				MTL_ENABLE_DEBUG_INFO = NO;
				SDKROOT = iphoneos;
				SWIFT_OPTIMIZATION_LEVEL = "-Owholemodule";
				VALIDATE_PRODUCT = YES;
			};
			name = Release;
		};
		6FFC06D21EE3D49000E542BC /* Debug */ = {
			isa = XCBuildConfiguration;
			buildSettings = {
				ASSETCATALOG_COMPILER_APPICON_NAME = AppIcon;
				FRAMEWORK_SEARCH_PATHS = (
					"$(inherited)",
					"$(PROJECT_DIR)/Carthage/Build/iOS",
				);
				INFOPLIST_FILE = Alala/Info.plist;
				LD_RUNPATH_SEARCH_PATHS = "$(inherited) @executable_path/Frameworks";
				PRODUCT_BUNDLE_IDENTIFIER = "com.team-meteor.Alala";
				PRODUCT_NAME = "$(TARGET_NAME)";
				SWIFT_VERSION = 3.0;
			};
			name = Debug;
		};
		6FFC06D31EE3D49000E542BC /* Release */ = {
			isa = XCBuildConfiguration;
			buildSettings = {
				ASSETCATALOG_COMPILER_APPICON_NAME = AppIcon;
				FRAMEWORK_SEARCH_PATHS = (
					"$(inherited)",
					"$(PROJECT_DIR)/Carthage/Build/iOS",
				);
				INFOPLIST_FILE = Alala/Info.plist;
				LD_RUNPATH_SEARCH_PATHS = "$(inherited) @executable_path/Frameworks";
				PRODUCT_BUNDLE_IDENTIFIER = "com.team-meteor.Alala";
				PRODUCT_NAME = "$(TARGET_NAME)";
				SWIFT_VERSION = 3.0;
			};
			name = Release;
		};
		6FFC06D51EE3D49000E542BC /* Debug */ = {
			isa = XCBuildConfiguration;
			buildSettings = {
				ALWAYS_EMBED_SWIFT_STANDARD_LIBRARIES = YES;
				BUNDLE_LOADER = "$(TEST_HOST)";
				INFOPLIST_FILE = AlalaTests/Info.plist;
				LD_RUNPATH_SEARCH_PATHS = "$(inherited) @executable_path/Frameworks @loader_path/Frameworks";
				PRODUCT_BUNDLE_IDENTIFIER = "com.team-meteor.AlalaTests";
				PRODUCT_NAME = "$(TARGET_NAME)";
				SWIFT_VERSION = 3.0;
				TEST_HOST = "$(BUILT_PRODUCTS_DIR)/Alala.app/Alala";
			};
			name = Debug;
		};
		6FFC06D61EE3D49000E542BC /* Release */ = {
			isa = XCBuildConfiguration;
			buildSettings = {
				ALWAYS_EMBED_SWIFT_STANDARD_LIBRARIES = YES;
				BUNDLE_LOADER = "$(TEST_HOST)";
				INFOPLIST_FILE = AlalaTests/Info.plist;
				LD_RUNPATH_SEARCH_PATHS = "$(inherited) @executable_path/Frameworks @loader_path/Frameworks";
				PRODUCT_BUNDLE_IDENTIFIER = "com.team-meteor.AlalaTests";
				PRODUCT_NAME = "$(TARGET_NAME)";
				SWIFT_VERSION = 3.0;
				TEST_HOST = "$(BUILT_PRODUCTS_DIR)/Alala.app/Alala";
			};
			name = Release;
		};
		6FFC06D81EE3D49000E542BC /* Debug */ = {
			isa = XCBuildConfiguration;
			buildSettings = {
				ALWAYS_EMBED_SWIFT_STANDARD_LIBRARIES = YES;
				INFOPLIST_FILE = AlalaUITests/Info.plist;
				LD_RUNPATH_SEARCH_PATHS = "$(inherited) @executable_path/Frameworks @loader_path/Frameworks";
				PRODUCT_BUNDLE_IDENTIFIER = "com.team-meteor.AlalaUITests";
				PRODUCT_NAME = "$(TARGET_NAME)";
				SWIFT_VERSION = 3.0;
				TEST_TARGET_NAME = Alala;
			};
			name = Debug;
		};
		6FFC06D91EE3D49000E542BC /* Release */ = {
			isa = XCBuildConfiguration;
			buildSettings = {
				ALWAYS_EMBED_SWIFT_STANDARD_LIBRARIES = YES;
				INFOPLIST_FILE = AlalaUITests/Info.plist;
				LD_RUNPATH_SEARCH_PATHS = "$(inherited) @executable_path/Frameworks @loader_path/Frameworks";
				PRODUCT_BUNDLE_IDENTIFIER = "com.team-meteor.AlalaUITests";
				PRODUCT_NAME = "$(TARGET_NAME)";
				SWIFT_VERSION = 3.0;
				TEST_TARGET_NAME = Alala;
			};
			name = Release;
		};
/* End XCBuildConfiguration section */

/* Begin XCConfigurationList section */
		6FFC06A41EE3D49000E542BC /* Build configuration list for PBXProject "Alala" */ = {
			isa = XCConfigurationList;
			buildConfigurations = (
				6FFC06CF1EE3D49000E542BC /* Debug */,
				6FFC06D01EE3D49000E542BC /* Release */,
			);
			defaultConfigurationIsVisible = 0;
			defaultConfigurationName = Release;
		};
		6FFC06D11EE3D49000E542BC /* Build configuration list for PBXNativeTarget "Alala" */ = {
			isa = XCConfigurationList;
			buildConfigurations = (
				6FFC06D21EE3D49000E542BC /* Debug */,
				6FFC06D31EE3D49000E542BC /* Release */,
			);
			defaultConfigurationIsVisible = 0;
		};
		6FFC06D41EE3D49000E542BC /* Build configuration list for PBXNativeTarget "AlalaTests" */ = {
			isa = XCConfigurationList;
			buildConfigurations = (
				6FFC06D51EE3D49000E542BC /* Debug */,
				6FFC06D61EE3D49000E542BC /* Release */,
			);
			defaultConfigurationIsVisible = 0;
		};
		6FFC06D71EE3D49000E542BC /* Build configuration list for PBXNativeTarget "AlalaUITests" */ = {
			isa = XCConfigurationList;
			buildConfigurations = (
				6FFC06D81EE3D49000E542BC /* Debug */,
				6FFC06D91EE3D49000E542BC /* Release */,
			);
			defaultConfigurationIsVisible = 0;
		};
/* End XCConfigurationList section */
	};
	rootObject = 6FFC06A11EE3D49000E542BC /* Project object */;
}
